
Microsoft Visual Studio Solution File, Format Version 12.00
# Visual Studio Version 17
VisualStudioVersion = 17.2.32616.157
MinimumVisualStudioVersion = 10.0.40219.1
Project("{FAE04EC0-301F-11D3-BF4B-00C04F79EFBC}") = "Algorithms-Data_structures", "Algorithms-Data_structures\Algorithms-Data_structures.csproj", "{24EEE03F-408E-482B-BAE5-1BE5E1C1375C}"
EndProject
Global
	GlobalSection(SolutionConfigurationPlatforms) = preSolution
		Debug|Any CPU = Debug|Any CPU
		Release|Any CPU = Release|Any CPU
	EndGlobalSection
	GlobalSection(ProjectConfigurationPlatforms) = postSolution
		{24EEE03F-408E-482B-BAE5-1BE5E1C1375C}.Debug|Any CPU.ActiveCfg = Debug|Any CPU
		{24EEE03F-408E-482B-BAE5-1BE5E1C1375C}.Debug|Any CPU.Build.0 = Debug|Any CPU
		{24EEE03F-408E-482B-BAE5-1BE5E1C1375C}.Release|Any CPU.ActiveCfg = Release|Any CPU
		{24EEE03F-408E-482B-BAE5-1BE5E1C1375C}.Release|Any CPU.Build.0 = Release|Any CPU
	EndGlobalSection
	GlobalSection(SolutionProperties) = preSolution
		HideSolutionNode = FALSE
	EndGlobalSection
	GlobalSection(ExtensibilityGlobals) = postSolution
		SolutionGuid = {2E0A281B-A097-40EA-B2F3-B2BA6C3473D7}
	EndGlobalSection
EndGlobal
